
Microsoft Visual Studio Solution File, Format Version 12.00
# Visual Studio Version 17
VisualStudioVersion = 17.14.36705.20 d17.14
MinimumVisualStudioVersion = 10.0.40219.1
Project("{FAE04EC0-301F-11D3-BF4B-00C04F79EFBC}") = "test2", "test2\test2.csproj", "{15BC82B2-2757-4DEA-BF70-9B64B91EC10A}"
EndProject
Project("{FAE04EC0-301F-11D3-BF4B-00C04F79EFBC}") = "ChatBarCMD", "..\..\聊天栏指令\ChatBarCMD\ChatBarCMD\ChatBarCMD.csproj", "{5F1673B3-6898-4F0C-AA9D-5EA8886D71CF}"
EndProject
Project("{FAE04EC0-301F-11D3-BF4B-00C04F79EFBC}") = "ModTool", "..\..\ModTool\ModTool\ModTool\ModTool.csproj", "{E80B35B3-88DB-4FC0-A106-A659C937EDAC}"
EndProject
Global
	GlobalSection(SolutionConfigurationPlatforms) = preSolution
		Debug|Any CPU = Debug|Any CPU
		Release|Any CPU = Release|Any CPU
	EndGlobalSection
	GlobalSection(ProjectConfigurationPlatforms) = postSolution
		{15BC82B2-2757-4DEA-BF70-9B64B91EC10A}.Debug|Any CPU.ActiveCfg = Debug|Any CPU
		{15BC82B2-2757-4DEA-BF70-9B64B91EC10A}.Debug|Any CPU.Build.0 = Debug|Any CPU
		{15BC82B2-2757-4DEA-BF70-9B64B91EC10A}.Release|Any CPU.ActiveCfg = Release|Any CPU
		{15BC82B2-2757-4DEA-BF70-9B64B91EC10A}.Release|Any CPU.Build.0 = Release|Any CPU
		{5F1673B3-6898-4F0C-AA9D-5EA8886D71CF}.Debug|Any CPU.ActiveCfg = Debug|Any CPU
		{5F1673B3-6898-4F0C-AA9D-5EA8886D71CF}.Debug|Any CPU.Build.0 = Debug|Any CPU
		{5F1673B3-6898-4F0C-AA9D-5EA8886D71CF}.Release|Any CPU.ActiveCfg = Release|Any CPU
		{5F1673B3-6898-4F0C-AA9D-5EA8886D71CF}.Release|Any CPU.Build.0 = Release|Any CPU
		{E80B35B3-88DB-4FC0-A106-A659C937EDAC}.Debug|Any CPU.ActiveCfg = Debug|Any CPU
		{E80B35B3-88DB-4FC0-A106-A659C937EDAC}.Debug|Any CPU.Build.0 = Debug|Any CPU
		{E80B35B3-88DB-4FC0-A106-A659C937EDAC}.Release|Any CPU.ActiveCfg = Release|Any CPU
		{E80B35B3-88DB-4FC0-A106-A659C937EDAC}.Release|Any CPU.Build.0 = Release|Any CPU
	EndGlobalSection
	GlobalSection(SolutionProperties) = preSolution
		HideSolutionNode = FALSE
	EndGlobalSection
	GlobalSection(ExtensibilityGlobals) = postSolution
		SolutionGuid = {CAA25D9D-67C9-4659-BEFB-D9B739927806}
	EndGlobalSection
EndGlobal
