
Microsoft Visual Studio Solution File, Format Version 12.00
# Visual Studio Version 17
VisualStudioVersion = 17.14.36705.20
MinimumVisualStudioVersion = 10.0.40219.1
Project("{FAE04EC0-301F-11D3-BF4B-00C04F79EFBC}") = "PlayerTag", "PlayerTag\PlayerTag.csproj", "{2FFA119E-3325-4B12-8FED-D774C7A797E8}"
EndProject
Project("{FAE04EC0-301F-11D3-BF4B-00C04F79EFBC}") = "ServerHelp", "..\..\服务器工具\ServerHelp\ServerHelp\ServerHelp.csproj", "{0873535A-959B-429B-80D5-E4DBD93EF9D6}"
EndProject
Global
	GlobalSection(SolutionConfigurationPlatforms) = preSolution
		Debug|Any CPU = Debug|Any CPU
		Release|Any CPU = Release|Any CPU
	EndGlobalSection
	GlobalSection(ProjectConfigurationPlatforms) = postSolution
		{2FFA119E-3325-4B12-8FED-D774C7A797E8}.Debug|Any CPU.ActiveCfg = Debug|Any CPU
		{2FFA119E-3325-4B12-8FED-D774C7A797E8}.Debug|Any CPU.Build.0 = Debug|Any CPU
		{2FFA119E-3325-4B12-8FED-D774C7A797E8}.Release|Any CPU.ActiveCfg = Release|Any CPU
		{2FFA119E-3325-4B12-8FED-D774C7A797E8}.Release|Any CPU.Build.0 = Release|Any CPU
		{0873535A-959B-429B-80D5-E4DBD93EF9D6}.Debug|Any CPU.ActiveCfg = Debug|Any CPU
		{0873535A-959B-429B-80D5-E4DBD93EF9D6}.Debug|Any CPU.Build.0 = Debug|Any CPU
		{0873535A-959B-429B-80D5-E4DBD93EF9D6}.Release|Any CPU.ActiveCfg = Release|Any CPU
		{0873535A-959B-429B-80D5-E4DBD93EF9D6}.Release|Any CPU.Build.0 = Release|Any CPU
	EndGlobalSection
	GlobalSection(SolutionProperties) = preSolution
		HideSolutionNode = FALSE
	EndGlobalSection
	GlobalSection(ExtensibilityGlobals) = postSolution
		SolutionGuid = {2E3FCADC-BE94-472F-BF73-C60B0E5E4D62}
	EndGlobalSection
EndGlobal
